// !$*UTF8*$!
{
	archiveVersion = 1;
	classes = {
	};
	objectVersion = 46;
	objects = {

/* Begin PBXBuildFile section */
		BE2186E723A3C9F7000FD82A /* defaultPhoto.png in Resources */ = {isa = PBXBuildFile; fileRef = BE2186E223A3C9F7000FD82A /* defaultPhoto.png */; };
		BE2186EA23A3C9F7000FD82A /* meal1.png in Resources */ = {isa = PBXBuildFile; fileRef = BE2186E623A3C9F7000FD82A /* meal1.png */; };
		BE4F92551F3937F1001B538B /* AppDelegate.swift in Sources */ = {isa = PBXBuildFile; fileRef = BE4F92541F3937F1001B538B /* AppDelegate.swift */; };
		BE4F92571F3937F1001B538B /* ViewController.swift in Sources */ = {isa = PBXBuildFile; fileRef = BE4F92561F3937F1001B538B /* ViewController.swift */; };
		BE4F925A1F3937F1001B538B /* Main.storyboard in Resources */ = {isa = PBXBuildFile; fileRef = BE4F92581F3937F1001B538B /* Main.storyboard */; };
		BE4F925C1F3937F1001B538B /* Assets.xcassets in Resources */ = {isa = PBXBuildFile; fileRef = BE4F925B1F3937F1001B538B /* Assets.xcassets */; };
		BE4F925F1F3937F1001B538B /* LaunchScreen.storyboard in Resources */ = {isa = PBXBuildFile; fileRef = BE4F925D1F3937F1001B538B /* LaunchScreen.storyboard */; };
		BE4F926A1F3937F1001B538B /* FoodTrackerTests.swift in Sources */ = {isa = PBXBuildFile; fileRef = BE4F92691F3937F1001B538B /* FoodTrackerTests.swift */; };
/* End PBXBuildFile section */

/* Begin PBXContainerItemProxy section */
		BE4F92661F3937F1001B538B /* PBXContainerItemProxy */ = {
			isa = PBXContainerItemProxy;
			containerPortal = BE4F92491F3937F1001B538B /* Project object */;
			proxyType = 1;
			remoteGlobalIDString = BE4F92501F3937F1001B538B;
			remoteInfo = FoodTracker;
		};
/* End PBXContainerItemProxy section */

/* Begin PBXFileReference section */
		BE2186E223A3C9F7000FD82A /* defaultPhoto.png */ = {isa = PBXFileReference; lastKnownFileType = image.png; path = defaultPhoto.png; sourceTree = "<group>"; };
		BE2186E623A3C9F7000FD82A /* meal1.png */ = {isa = PBXFileReference; lastKnownFileType = image.png; path = meal1.png; sourceTree = "<group>"; };
		BE4F92511F3937F1001B538B /* FoodTracker.app */ = {isa = PBXFileReference; explicitFileType = wrapper.application; includeInIndex = 0; path = FoodTracker.app; sourceTree = BUILT_PRODUCTS_DIR; };
		BE4F92541F3937F1001B538B /* AppDelegate.swift */ = {isa = PBXFileReference; lastKnownFileType = sourcecode.swift; path = AppDelegate.swift; sourceTree = "<group>"; };
		BE4F92561F3937F1001B538B /* ViewController.swift */ = {isa = PBXFileReference; lastKnownFileType = sourcecode.swift; path = ViewController.swift; sourceTree = "<group>"; };
		BE4F92591F3937F1001B538B /* Base */ = {isa = PBXFileReference; lastKnownFileType = file.storyboard; name = Base; path = Base.lproj/Main.storyboard; sourceTree = "<group>"; };
		BE4F925B1F3937F1001B538B /* Assets.xcassets */ = {isa = PBXFileReference; lastKnownFileType = folder.assetcatalog; path = Assets.xcassets; sourceTree = "<group>"; };
		BE4F925E1F3937F1001B538B /* Base */ = {isa = PBXFileReference; lastKnownFileType = file.storyboard; name = Base; path = Base.lproj/LaunchScreen.storyboard; sourceTree = "<group>"; };
		BE4F92601F3937F1001B538B /* Info.plist */ = {isa = PBXFileReference; lastKnownFileType = text.plist.xml; path = Info.plist; sourceTree = "<group>"; };
		BE4F92651F3937F1001B538B /* FoodTrackerTests.xctest */ = {isa = PBXFileReference; explicitFileType = wrapper.cfbundle; includeInIndex = 0; path = FoodTrackerTests.xctest; sourceTree = BUILT_PRODUCTS_DIR; };
		BE4F92691F3937F1001B538B /* FoodTrackerTests.swift */ = {isa = PBXFileReference; lastKnownFileType = sourcecode.swift; path = FoodTrackerTests.swift; sourceTree = "<group>"; };
		BE4F926B1F3937F1001B538B /* Info.plist */ = {isa = PBXFileReference; lastKnownFileType = text.plist.xml; path = Info.plist; sourceTree = "<group>"; };
/* End PBXFileReference section */

/* Begin PBXFrameworksBuildPhase section */
		BE4F924E1F3937F1001B538B /* Frameworks */ = {
			isa = PBXFrameworksBuildPhase;
			buildActionMask = 2147483647;
			files = (
			);
			runOnlyForDeploymentPostprocessing = 0;
		};
		BE4F92621F3937F1001B538B /* Frameworks */ = {
			isa = PBXFrameworksBuildPhase;
			buildActionMask = 2147483647;
			files = (
			);
			runOnlyForDeploymentPostprocessing = 0;
		};
/* End PBXFrameworksBuildPhase section */

/* Begin PBXGroup section */
		BE4F92481F3937F1001B538B = {
			isa = PBXGroup;
			children = (
				BE4F92531F3937F1001B538B /* FoodTracker */,
				BE4F92681F3937F1001B538B /* FoodTrackerTests */,
				BE4F92521F3937F1001B538B /* Products */,
			);
			sourceTree = "<group>";
		};
		BE4F92521F3937F1001B538B /* Products */ = {
			isa = PBXGroup;
			children = (
				BE4F92511F3937F1001B538B /* FoodTracker.app */,
				BE4F92651F3937F1001B538B /* FoodTrackerTests.xctest */,
			);
			name = Products;
			sourceTree = "<group>";
		};
		BE4F92531F3937F1001B538B /* FoodTracker */ = {
			isa = PBXGroup;
			children = (
				BE4F92541F3937F1001B538B /* AppDelegate.swift */,
				BE4F92561F3937F1001B538B /* ViewController.swift */,
				BE4F92581F3937F1001B538B /* Main.storyboard */,
				BE4F925B1F3937F1001B538B /* Assets.xcassets */,
				BE2186E223A3C9F7000FD82A /* defaultPhoto.png */,
				BE2186E623A3C9F7000FD82A /* meal1.png */,
				BE4F925D1F3937F1001B538B /* LaunchScreen.storyboard */,
				BE4F92601F3937F1001B538B /* Info.plist */,
			);
			path = FoodTracker;
			sourceTree = "<group>";
		};
		BE4F92681F3937F1001B538B /* FoodTrackerTests */ = {
			isa = PBXGroup;
			children = (
				BE4F92691F3937F1001B538B /* FoodTrackerTests.swift */,
				BE4F926B1F3937F1001B538B /* Info.plist */,
			);
			path = FoodTrackerTests;
			sourceTree = "<group>";
		};
/* End PBXGroup section */

/* Begin PBXNativeTarget section */
		BE4F92501F3937F1001B538B /* FoodTracker */ = {
			isa = PBXNativeTarget;
			buildConfigurationList = BE4F926E1F3937F1001B538B /* Build configuration list for PBXNativeTarget "FoodTracker" */;
			buildPhases = (
				BE4F924D1F3937F1001B538B /* Sources */,
				BE4F924E1F3937F1001B538B /* Frameworks */,
				BE4F924F1F3937F1001B538B /* Resources */,
			);
			buildRules = (
			);
			dependencies = (
			);
			name = FoodTracker;
			productName = FoodTracker;
			productReference = BE4F92511F3937F1001B538B /* FoodTracker.app */;
			productType = "com.apple.product-type.application";
		};
		BE4F92641F3937F1001B538B /* FoodTrackerTests */ = {
			isa = PBXNativeTarget;
			buildConfigurationList = BE4F92711F3937F1001B538B /* Build configuration list for PBXNativeTarget "FoodTrackerTests" */;
			buildPhases = (
				BE4F92611F3937F1001B538B /* Sources */,
				BE4F92621F3937F1001B538B /* Frameworks */,
				BE4F92631F3937F1001B538B /* Resources */,
			);
			buildRules = (
			);
			dependencies = (
				BE4F92671F3937F1001B538B /* PBXTargetDependency */,
			);
			name = FoodTrackerTests;
			productName = FoodTrackerTests;
			productReference = BE4F92651F3937F1001B538B /* FoodTrackerTests.xctest */;
			productType = "com.apple.product-type.bundle.unit-test";
		};
/* End PBXNativeTarget section */

/* Begin PBXProject section */
		BE4F92491F3937F1001B538B /* Project object */ = {
			isa = PBXProject;
			attributes = {
				LastSwiftUpdateCheck = 0830;
				LastUpgradeCheck = 0830;
				TargetAttributes = {
					BE4F92501F3937F1001B538B = {
						CreatedOnToolsVersion = 8.3.3;
						DevelopmentTeam = P6LFU7E5MN;
						LastSwiftMigration = 1010;
						ProvisioningStyle = Automatic;
					};
					BE4F92641F3937F1001B538B = {
						CreatedOnToolsVersion = 8.3.3;
						LastSwiftMigration = 1010;
						ProvisioningStyle = Automatic;
						TestTargetID = BE4F92501F3937F1001B538B;
					};
				};
			};
			buildConfigurationList = BE4F924C1F3937F1001B538B /* Build configuration list for PBXProject "FoodTracker" */;
			compatibilityVersion = "Xcode 3.2";
			developmentRegion = English;
			hasScannedForEncodings = 0;
			knownRegions = (
				en,
				Base,
			);
			mainGroup = BE4F92481F3937F1001B538B;
			productRefGroup = BE4F92521F3937F1001B538B /* Products */;
			projectDirPath = "";
			projectRoot = "";
			targets = (
				BE4F92501F3937F1001B538B /* FoodTracker */,
				BE4F92641F3937F1001B538B /* FoodTrackerTests */,
			);
		};
/* End PBXProject section */

/* Begin PBXResourcesBuildPhase section */
		BE4F924F1F3937F1001B538B /* Resources */ = {
			isa = PBXResourcesBuildPhase;
			buildActionMask = 2147483647;
			files = (
				BE2186EA23A3C9F7000FD82A /* meal1.png in Resources */,
				BE4F925F1F3937F1001B538B /* LaunchScreen.storyboard in Resources */,
				BE4F925C1F3937F1001B538B /* Assets.xcassets in Resources */,
				BE2186E723A3C9F7000FD82A /* defaultPhoto.png in Resources */,
				BE4F925A1F3937F1001B538B /* Main.storyboard in Resources */,
			);
			runOnlyForDeploymentPostprocessing = 0;
		};
		BE4F92631F3937F1001B538B /* Resources */ = {
			isa = PBXResourcesBuildPhase;
			buildActionMask = 2147483647;
			files = (
			);
			runOnlyForDeploymentPostprocessing = 0;
		};
/* End PBXResourcesBuildPhase section */

/* Begin PBXSourcesBuildPhase section */
		BE4F924D1F3937F1001B538B /* Sources */ = {
			isa = PBXSourcesBuildPhase;
			buildActionMask = 2147483647;
			files = (
				BE4F92571F3937F1001B538B /* ViewController.swift in Sources */,
				BE4F92551F3937F1001B538B /* AppDelegate.swift in Sources */,
			);
			runOnlyForDeploymentPostprocessing = 0;
		};
		BE4F92611F3937F1001B538B /* Sources */ = {
			isa = PBXSourcesBuildPhase;
			buildActionMask = 2147483647;
			files = (
				BE4F926A1F3937F1001B538B /* FoodTrackerTests.swift in Sources */,
			);
			runOnlyForDeploymentPostprocessing = 0;
		};
/* End PBXSourcesBuildPhase section */

/* Begin PBXTargetDependency section */
		BE4F92671F3937F1001B538B /* PBXTargetDependency */ = {
			isa = PBXTargetDependency;
			target = BE4F92501F3937F1001B538B /* FoodTracker */;
			targetProxy = BE4F92661F3937F1001B538B /* PBXContainerItemProxy */;
		};
/* End PBXTargetDependency section */

/* Begin PBXVariantGroup section */
		BE4F92581F3937F1001B538B /* Main.storyboard */ = {
			isa = PBXVariantGroup;
			children = (
				BE4F92591F3937F1001B538B /* Base */,
			);
			name = Main.storyboard;
			sourceTree = "<group>";
		};
		BE4F925D1F3937F1001B538B /* LaunchScreen.storyboard */ = {
			isa = PBXVariantGroup;
			children = (
				BE4F925E1F3937F1001B538B /* Base */,
			);
			name = LaunchScreen.storyboard;
			sourceTree = "<group>";
		};
/* End PBXVariantGroup section */

/* Begin XCBuildConfiguration section */
		BE4F926C1F3937F1001B538B /* Debug */ = {
			isa = XCBuildConfiguration;
			buildSettings = {
				ALWAYS_SEARCH_USER_PATHS = NO;
				CLANG_ANALYZER_NONNULL = YES;
				CLANG_ANALYZER_NUMBER_OBJECT_CONVERSION = YES_AGGRESSIVE;
				CLANG_CXX_LANGUAGE_STANDARD = "gnu++0x";
				CLANG_CXX_LIBRARY = "libc++";
				CLANG_ENABLE_MODULES = YES;
				CLANG_ENABLE_OBJC_ARC = YES;
				CLANG_WARN_BOOL_CONVERSION = YES;
				CLANG_WARN_CONSTANT_CONVERSION = YES;
				CLANG_WARN_DIRECT_OBJC_ISA_USAGE = YES_ERROR;
				CLANG_WARN_DOCUMENTATION_COMMENTS = YES;
				CLANG_WARN_EMPTY_BODY = YES;
				CLANG_WARN_ENUM_CONVERSION = YES;
				CLANG_WARN_INFINITE_RECURSION = YES;
				CLANG_WARN_INT_CONVERSION = YES;
				CLANG_WARN_OBJC_ROOT_CLASS = YES_ERROR;
				CLANG_WARN_SUSPICIOUS_MOVE = YES;
				CLANG_WARN_UNREACHABLE_CODE = YES;
				CLANG_WARN__DUPLICATE_METHOD_MATCH = YES;
				"CODE_SIGN_IDENTITY[sdk=iphoneos*]" = "iPhone Developer";
				COPY_PHASE_STRIP = NO;
				DEBUG_INFORMATION_FORMAT = dwarf;
				ENABLE_STRICT_OBJC_MSGSEND = YES;
				ENABLE_TESTABILITY = YES;
				GCC_C_LANGUAGE_STANDARD = gnu99;
				GCC_DYNAMIC_NO_PIC = NO;
				GCC_NO_COMMON_BLOCKS = YES;
				GCC_OPTIMIZATION_LEVEL = 0;
				GCC_PREPROCESSOR_DEFINITIONS = (
					"DEBUG=1",
					"$(inherited)",
				);
				GCC_WARN_64_TO_32_BIT_CONVERSION = YES;
				GCC_WARN_ABOUT_RETURN_TYPE = YES_ERROR;
				GCC_WARN_UNDECLARED_SELECTOR = YES;
				GCC_WARN_UNINITIALIZED_AUTOS = YES_AGGRESSIVE;
				GCC_WARN_UNUSED_FUNCTION = YES;
				GCC_WARN_UNUSED_VARIABLE = YES;
				IPHONEOS_DEPLOYMENT_TARGET = 10.3;
				MTL_ENABLE_DEBUG_INFO = YES;
				ONLY_ACTIVE_ARCH = YES;
				SDKROOT = iphoneos;
				SWIFT_ACTIVE_COMPILATION_CONDITIONS = DEBUG;
				SWIFT_OPTIMIZATION_LEVEL = "-Onone";
				TARGETED_DEVICE_FAMILY = "1,2";
			};
			name = Debug;
		};
		BE4F926D1F3937F1001B538B /* Release */ = {
			isa = XCBuildConfiguration;
			buildSettings = {
				ALWAYS_SEARCH_USER_PATHS = NO;
				CLANG_ANALYZER_NONNULL = YES;
				CLANG_ANALYZER_NUMBER_OBJECT_CONVERSION = YES_AGGRESSIVE;
				CLANG_CXX_LANGUAGE_STANDARD = "gnu++0x";
				CLANG_CXX_LIBRARY = "libc++";
				CLANG_ENABLE_MODULES = YES;
				CLANG_ENABLE_OBJC_ARC = YES;
				CLANG_WARN_BOOL_CONVERSION = YES;
				CLANG_WARN_CONSTANT_CONVERSION = YES;
				CLANG_WARN_DIRECT_OBJC_ISA_USAGE = YES_ERROR;
				CLANG_WARN_DOCUMENTATION_COMMENTS = YES;
				CLANG_WARN_EMPTY_BODY = YES;
				CLANG_WARN_ENUM_CONVERSION = YES;
				CLANG_WARN_INFINITE_RECURSION = YES;
				CLANG_WARN_INT_CONVERSION = YES;
				CLANG_WARN_OBJC_ROOT_CLASS = YES_ERROR;
				CLANG_WARN_SUSPICIOUS_MOVE = YES;
				CLANG_WARN_UNREACHABLE_CODE = YES;
				CLANG_WARN__DUPLICATE_METHOD_MATCH = YES;
				"CODE_SIGN_IDENTITY[sdk=iphoneos*]" = "iPhone Developer";
				COPY_PHASE_STRIP = NO;
				DEBUG_INFORMATION_FORMAT = "dwarf-with-dsym";
				ENABLE_NS_ASSERTIONS = NO;
				ENABLE_STRICT_OBJC_MSGSEND = YES;
				GCC_C_LANGUAGE_STANDARD = gnu99;
				GCC_NO_COMMON_BLOCKS = YES;
				GCC_WARN_64_TO_32_BIT_CONVERSION = YES;
				GCC_WARN_ABOUT_RETURN_TYPE = YES_ERROR;
				GCC_WARN_UNDECLARED_SELECTOR = YES;
				GCC_WARN_UNINITIALIZED_AUTOS = YES_AGGRESSIVE;
				GCC_WARN_UNUSED_FUNCTION = YES;
				GCC_WARN_UNUSED_VARIABLE = YES;
				IPHONEOS_DEPLOYMENT_TARGET = 10.3;
				MTL_ENABLE_DEBUG_INFO = NO;
				SDKROOT = iphoneos;
				SWIFT_OPTIMIZATION_LEVEL = "-Owholemodule";
				TARGETED_DEVICE_FAMILY = "1,2";
				VALIDATE_PRODUCT = YES;
			};
			name = Release;
		};
		BE4F926F1F3937F1001B538B /* Debug */ = {
			isa = XCBuildConfiguration;
			buildSettings = {
				ASSETCATALOG_COMPILER_APPICON_NAME = AppIcon;
				DEVELOPMENT_TEAM = P6LFU7E5MN;
				INFOPLIST_FILE = FoodTracker/Info.plist;
				LD_RUNPATH_SEARCH_PATHS = "$(inherited) @executable_path/Frameworks";
				PRODUCT_BUNDLE_IDENTIFIER = com.example.FoodTracker;
				PRODUCT_NAME = "$(TARGET_NAME)";
				SWIFT_SWIFT3_OBJC_INFERENCE = On;
				SWIFT_VERSION = 4.2;
			};
			name = Debug;
		};
		BE4F92701F3937F1001B538B /* Release */ = {
			isa = XCBuildConfiguration;
			buildSettings = {
				ASSETCATALOG_COMPILER_APPICON_NAME = AppIcon;
				DEVELOPMENT_TEAM = P6LFU7E5MN;
				INFOPLIST_FILE = FoodTracker/Info.plist;
				LD_RUNPATH_SEARCH_PATHS = "$(inherited) @executable_path/Frameworks";
				PRODUCT_BUNDLE_IDENTIFIER = com.example.FoodTracker;
				PRODUCT_NAME = "$(TARGET_NAME)";
				SWIFT_SWIFT3_OBJC_INFERENCE = On;
				SWIFT_VERSION = 4.2;
			};
			name = Release;
		};
		BE4F92721F3937F1001B538B /* Debug */ = {
			isa = XCBuildConfiguration;
			buildSettings = {
				ALWAYS_EMBED_SWIFT_STANDARD_LIBRARIES = YES;
				BUNDLE_LOADER = "$(TEST_HOST)";
				INFOPLIST_FILE = FoodTrackerTests/Info.plist;
				LD_RUNPATH_SEARCH_PATHS = "$(inherited) @executable_path/Frameworks @loader_path/Frameworks";
				PRODUCT_BUNDLE_IDENTIFIER = com.example.FoodTrackerTests;
				PRODUCT_NAME = "$(TARGET_NAME)";
				SWIFT_SWIFT3_OBJC_INFERENCE = On;
				SWIFT_VERSION = 4.2;
				TEST_HOST = "$(BUILT_PRODUCTS_DIR)/FoodTracker.app/FoodTracker";
			};
			name = Debug;
		};
		BE4F92731F3937F1001B538B /* Release */ = {
			isa = XCBuildConfiguration;
			buildSettings = {
				ALWAYS_EMBED_SWIFT_STANDARD_LIBRARIES = YES;
				BUNDLE_LOADER = "$(TEST_HOST)";
				INFOPLIST_FILE = FoodTrackerTests/Info.plist;
				LD_RUNPATH_SEARCH_PATHS = "$(inherited) @executable_path/Frameworks @loader_path/Frameworks";
				PRODUCT_BUNDLE_IDENTIFIER = com.example.FoodTrackerTests;
				PRODUCT_NAME = "$(TARGET_NAME)";
				SWIFT_SWIFT3_OBJC_INFERENCE = On;
				SWIFT_VERSION = 4.2;
				TEST_HOST = "$(BUILT_PRODUCTS_DIR)/FoodTracker.app/FoodTracker";
			};
			name = Release;
		};
/* End XCBuildConfiguration section */

/* Begin XCConfigurationList section */
		BE4F924C1F3937F1001B538B /* Build configuration list for PBXProject "FoodTracker" */ = {
			isa = XCConfigurationList;
			buildConfigurations = (
				BE4F926C1F3937F1001B538B /* Debug */,
				BE4F926D1F3937F1001B538B /* Release */,
			);
			defaultConfigurationIsVisible = 0;
			defaultConfigurationName = Release;
		};
		BE4F926E1F3937F1001B538B /* Build configuration list for PBXNativeTarget "FoodTracker" */ = {
			isa = XCConfigurationList;
			buildConfigurations = (
				BE4F926F1F3937F1001B538B /* Debug */,
				BE4F92701F3937F1001B538B /* Release */,
			);
			defaultConfigurationIsVisible = 0;
			defaultConfigurationName = Release;
		};
		BE4F92711F3937F1001B538B /* Build configuration list for PBXNativeTarget "FoodTrackerTests" */ = {
			isa = XCConfigurationList;
			buildConfigurations = (
				BE4F92721F3937F1001B538B /* Debug */,
				BE4F92731F3937F1001B538B /* Release */,
			);
			defaultConfigurationIsVisible = 0;
			defaultConfigurationName = Release;
		};
/* End XCConfigurationList section */
	};
	rootObject = BE4F92491F3937F1001B538B /* Project object */;
}
